PODS:
  - Alamofire (4.9.1)
  - iOSDropDown (0.3.4)
  - MultilineTextField (1.0.0)
  - RadioGroup (1.3.3):
    - SweeterSwift
  - SDWebImage (5.8.3):
    - SDWebImage/Core (= 5.8.3)
  - SDWebImage/Core (5.8.3)
  - SVProgressHUD (2.2.5)
  - SweeterSwift (1.1.3)
  - SwiftSignatureView (3.0.0)
  - SwiftyJSON (5.0.0)

DEPENDENCIES:
  - Alamofire
  - iOSDropDown
  - MultilineTextField
  - RadioGroup
  - SDWebImage
  - SVProgressHUD
  - SwiftSignatureView
  - SwiftyJSON

SPEC REPOS:
  trunk:
    - Alamofire
    - iOSDropDown
    - MultilineTextField
    - RadioGroup
    - SDWebImage
    - SVProgressHUD
    - SweeterSwift
    - SwiftSignatureView
    - SwiftyJSON

SPEC CHECKSUMS:
  Alamofire: 85e8a02c69d6020a0d734f6054870d7ecb75cf18
  iOSDropDown: c10a761f9a00c3f1cc9d3bce43ae504628e2f692
  MultilineTextField: bb965487257ce72f880d313074d419cac34024ff
  RadioGroup: b84d3ef8a255f63bc7a601f487b3d32355f9f365
  SDWebImage: 112503ec94a5a2a41869503844a15e8d8f1ead5c
  SVProgressHUD: 1428aafac632c1f86f62aa4243ec12008d7a51d6
  SweeterSwift: d909211f6833405628c8c7c6bf9f8f2e8a0e9df9
  SwiftSignatureView: 8c19599d9df0c9ae41f3b175c9496e875ad0f9f9
  SwiftyJSON: 36413e04c44ee145039d332b4f4e2d3e8d6c4db7

PODFILE CHECKSUM: e1deb3252e99ab6fb66ed3d9f416114f377b2e5d

COCOAPODS: 1.9.3
